
Microsoft Visual Studio Solution File, Format Version 12.00
# Visual Studio Version 17
VisualStudioVersion = 17.12.35514.174 d17.12
MinimumVisualStudioVersion = 10.0.40219.1
Project("{FAE04EC0-301F-11D3-BF4B-00C04F79EFBC}") = "ProyectoCapas", "ProyectoCapas\ProyectoCapas.csproj", "{EA4005F5-26EA-426B-8EC8-9DF4D31687B6}"
EndProject
Project("{FAE04EC0-301F-11D3-BF4B-00C04F79EFBC}") = "ProyectoCapas.DAL", "ProyectoCapas.DAL\ProyectoCapas.DAL.csproj", "{EB1FDDB7-7532-4BB4-A96E-8D6BA2E0AF26}"
EndProject
Project("{FAE04EC0-301F-11D3-BF4B-00C04F79EFBC}") = "ProyectoCapas.BLL", "ProyectoCapas.BLL\ProyectoCapas.BLL.csproj", "{B11482C6-D15B-4116-B2AD-A21F62FFDA55}"
EndProject
Global
	GlobalSection(SolutionConfigurationPlatforms) = preSolution
		Debug|Any CPU = Debug|Any CPU
		Release|Any CPU = Release|Any CPU
	EndGlobalSection
	GlobalSection(ProjectConfigurationPlatforms) = postSolution
		{EA4005F5-26EA-426B-8EC8-9DF4D31687B6}.Debug|Any CPU.ActiveCfg = Debug|Any CPU
		{EA4005F5-26EA-426B-8EC8-9DF4D31687B6}.Debug|Any CPU.Build.0 = Debug|Any CPU
		{EA4005F5-26EA-426B-8EC8-9DF4D31687B6}.Release|Any CPU.ActiveCfg = Release|Any CPU
		{EA4005F5-26EA-426B-8EC8-9DF4D31687B6}.Release|Any CPU.Build.0 = Release|Any CPU
		{EB1FDDB7-7532-4BB4-A96E-8D6BA2E0AF26}.Debug|Any CPU.ActiveCfg = Debug|Any CPU
		{EB1FDDB7-7532-4BB4-A96E-8D6BA2E0AF26}.Debug|Any CPU.Build.0 = Debug|Any CPU
		{EB1FDDB7-7532-4BB4-A96E-8D6BA2E0AF26}.Release|Any CPU.ActiveCfg = Release|Any CPU
		{EB1FDDB7-7532-4BB4-A96E-8D6BA2E0AF26}.Release|Any CPU.Build.0 = Release|Any CPU
		{B11482C6-D15B-4116-B2AD-A21F62FFDA55}.Debug|Any CPU.ActiveCfg = Debug|Any CPU
		{B11482C6-D15B-4116-B2AD-A21F62FFDA55}.Debug|Any CPU.Build.0 = Debug|Any CPU
		{B11482C6-D15B-4116-B2AD-A21F62FFDA55}.Release|Any CPU.ActiveCfg = Release|Any CPU
		{B11482C6-D15B-4116-B2AD-A21F62FFDA55}.Release|Any CPU.Build.0 = Release|Any CPU
	EndGlobalSection
	GlobalSection(SolutionProperties) = preSolution
		HideSolutionNode = FALSE
	EndGlobalSection
EndGlobal
